
Microsoft Visual Studio Solution File, Format Version 12.00
# Visual Studio Version 16
VisualStudioVersion = 16.0.31005.135
MinimumVisualStudioVersion = 10.0.40219.1
Project("{9A19103F-16F7-4668-BE54-9A1E7A4F7556}") = "PublishAddress", "PublishAddress\PublishAddress.csproj", "{6F339F59-0426-4B04-84A0-B45CC37F88AF}"
EndProject
Project("{9A19103F-16F7-4668-BE54-9A1E7A4F7556}") = "ConsoleApp1", "ConsoleApp1\ConsoleApp1.csproj", "{A94FA08E-26AE-43F4-BE78-1C34CCCE8FDD}"
EndProject
Project("{9A19103F-16F7-4668-BE54-9A1E7A4F7556}") = "WebApplication1", "WebApplication1\WebApplication1.csproj", "{AC7C482C-F1A5-4C43-90C3-23BFA890BD37}"
EndProject
Project("{2150E333-8FDC-42A3-9474-1A3956D46DE8}") = "Solution Items", "Solution Items", "{55225FA6-8C9B-4477-AF79-D68E926C2DF4}"
	ProjectSection(SolutionItems) = preProject
		README.md = README.md
	EndProjectSection
EndProject
Global
	GlobalSection(SolutionConfigurationPlatforms) = preSolution
		Debug|Any CPU = Debug|Any CPU
		Release|Any CPU = Release|Any CPU
	EndGlobalSection
	GlobalSection(ProjectConfigurationPlatforms) = postSolution
		{6F339F59-0426-4B04-84A0-B45CC37F88AF}.Debug|Any CPU.ActiveCfg = Debug|Any CPU
		{6F339F59-0426-4B04-84A0-B45CC37F88AF}.Debug|Any CPU.Build.0 = Debug|Any CPU
		{6F339F59-0426-4B04-84A0-B45CC37F88AF}.Release|Any CPU.ActiveCfg = Release|Any CPU
		{6F339F59-0426-4B04-84A0-B45CC37F88AF}.Release|Any CPU.Build.0 = Release|Any CPU
		{A94FA08E-26AE-43F4-BE78-1C34CCCE8FDD}.Debug|Any CPU.ActiveCfg = Debug|Any CPU
		{A94FA08E-26AE-43F4-BE78-1C34CCCE8FDD}.Debug|Any CPU.Build.0 = Debug|Any CPU
		{A94FA08E-26AE-43F4-BE78-1C34CCCE8FDD}.Release|Any CPU.ActiveCfg = Release|Any CPU
		{A94FA08E-26AE-43F4-BE78-1C34CCCE8FDD}.Release|Any CPU.Build.0 = Release|Any CPU
		{AC7C482C-F1A5-4C43-90C3-23BFA890BD37}.Debug|Any CPU.ActiveCfg = Debug|Any CPU
		{AC7C482C-F1A5-4C43-90C3-23BFA890BD37}.Debug|Any CPU.Build.0 = Debug|Any CPU
		{AC7C482C-F1A5-4C43-90C3-23BFA890BD37}.Release|Any CPU.ActiveCfg = Release|Any CPU
		{AC7C482C-F1A5-4C43-90C3-23BFA890BD37}.Release|Any CPU.Build.0 = Release|Any CPU
	EndGlobalSection
	GlobalSection(SolutionProperties) = preSolution
		HideSolutionNode = FALSE
	EndGlobalSection
	GlobalSection(ExtensibilityGlobals) = postSolution
		SolutionGuid = {AEE23491-F815-45FC-A452-7C083BF9B2AD}
	EndGlobalSection
EndGlobal
