
Microsoft Visual Studio Solution File, Format Version 12.00
# Visual Studio 15
VisualStudioVersion = 15.0.28307.168
MinimumVisualStudioVersion = 10.0.40219.1
Project("{9A19103F-16F7-4668-BE54-9A1E7A4F7556}") = "PublishAddress", "PublishAddress\PublishAddress.csproj", "{6F339F59-0426-4B04-84A0-B45CC37F88AF}"
EndProject
Global
	GlobalSection(SolutionConfigurationPlatforms) = preSolution
		Debug|Any CPU = Debug|Any CPU
		Release|Any CPU = Release|Any CPU
	EndGlobalSection
	GlobalSection(ProjectConfigurationPlatforms) = postSolution
		{6F339F59-0426-4B04-84A0-B45CC37F88AF}.Debug|Any CPU.ActiveCfg = Debug|Any CPU
		{6F339F59-0426-4B04-84A0-B45CC37F88AF}.Debug|Any CPU.Build.0 = Debug|Any CPU
		{6F339F59-0426-4B04-84A0-B45CC37F88AF}.Release|Any CPU.ActiveCfg = Release|Any CPU
		{6F339F59-0426-4B04-84A0-B45CC37F88AF}.Release|Any CPU.Build.0 = Release|Any CPU
	EndGlobalSection
	GlobalSection(SolutionProperties) = preSolution
		HideSolutionNode = FALSE
	EndGlobalSection
	GlobalSection(ExtensibilityGlobals) = postSolution
		SolutionGuid = {AEE23491-F815-45FC-A452-7C083BF9B2AD}
	EndGlobalSection
EndGlobal
